
Microsoft Visual Studio Solution File, Format Version 12.00
# Visual Studio Version 17
VisualStudioVersion = 17.0.31919.166
MinimumVisualStudioVersion = 10.0.40219.1
Project("{FAE04EC0-301F-11D3-BF4B-00C04F79EFBC}") = "UMBC-Laundry", "UMBC-Laundry.csproj", "{DEEF58BF-CC0E-4865-BE31-962FC200C017}"
EndProject
Global
	GlobalSection(SolutionConfigurationPlatforms) = preSolution
		Debug|Any CPU = Debug|Any CPU
		Release|Any CPU = Release|Any CPU
	EndGlobalSection
	GlobalSection(ProjectConfigurationPlatforms) = postSolution
		{DEEF58BF-CC0E-4865-BE31-962FC200C017}.Debug|Any CPU.ActiveCfg = Debug|Any CPU
		{DEEF58BF-CC0E-4865-BE31-962FC200C017}.Debug|Any CPU.Build.0 = Debug|Any CPU
		{DEEF58BF-CC0E-4865-BE31-962FC200C017}.Release|Any CPU.ActiveCfg = Release|Any CPU
		{DEEF58BF-CC0E-4865-BE31-962FC200C017}.Release|Any CPU.Build.0 = Release|Any CPU
	EndGlobalSection
	GlobalSection(SolutionProperties) = preSolution
		HideSolutionNode = FALSE
	EndGlobalSection
	GlobalSection(ExtensibilityGlobals) = postSolution
		SolutionGuid = {D6BE81F9-B9C1-4479-A88C-244D7DE67B6B}
	EndGlobalSection
EndGlobal
